SITE
  remote: http://community.opscode.com/api/v1
  specs:
    ant (1.0.2)
      ark (>= 0.0.0)
      java (>= 0.0.0)
    apt (2.1.1)
    ark (0.3.2)
    build-essential (1.4.2)
    chef_handler (1.1.4)
    couchdb (2.4.2)
      erlang (>= 0.0.0)
      yum (>= 0.0.0)
    dmg (2.0.0)
    emacs (0.9.0)
    erlang (1.3.2)
      apt (>= 1.7.0)
      build-essential (>= 0.0.0)
      yum (>= 0.5.0)
    git (2.6.0)
      build-essential (>= 0.0.0)
      dmg (>= 0.0.0)
      runit (>= 1.0.0)
      windows (>= 0.0.0)
      yum (>= 0.0.0)
    java (1.13.0)
      windows (>= 0.0.0)
    jpackage (1.0.2)
      java (>= 0.0.0)
    mysql (3.0.4)
      build-essential (> 1.1.0)
      openssl (>= 0.0.0)
    openssl (1.1.0)
    packages (0.1.0)
    rails (0.9.2)
      apache2 (>= 0)
      ruby (>= 0)
    ruby (0.9.2)
    runit (1.2.0)
      build-essential (>= 0.0.0)
      yum (>= 0.0.0)
    sudo (2.2.0)
    users (1.5.2)
    vim (1.0.2)
    windows (1.10.0)
      chef_handler (>= 0.0.0)
    yum (2.3.2)

GIT
  remote: git://github.com/concord-consortium/wise-cookbooks.git
  ref: master
  sha: a28396fd29e5316117c93e9f80c4014a739db0d3
  specs:
    tomcat (0.10.3)
      java (>= 0.0.0)
      jpackage (>= 0.0.0)
    wise4 (0.0.2)

GIT
  remote: git://github.com/cookbooks/imagemagick.git
  ref: master
  sha: c5ebefc51482ced8001d18c716d4346691e9f35c
  specs:
    imagemagick (0.2.2)

GIT
  remote: https://github.com/balbeko/chef-npm/
  ref: master
  sha: 7d3bd0fd63e1e5bb08da90cf1afb0d6514cf3006
  specs:
    npm (0.1.2)
      nodejs (>= 0.0.0)

GIT
  remote: https://github.com/concord-consortium/chef-monit.git
  ref: master
  sha: 263af2c0a7dcd4f85d3ef538c5861cacfd108d75
  specs:
    monit (1.1.0)

GIT
  remote: https://github.com/concord-consortium/chef-repo
  path: cookbooks
  ref: master
  sha: 1e26989f62129ff4c1fefe2187182087c3e6c4fb
  specs:
    apache2 (0.99.2)
    passenger_apache2 (0.16.3)
      apache2 (>= 0)
      packages (>= 0)
      rails (>= 0)
      ruby (>= 0)

GIT
  remote: https://github.com/concord-consortium/chef-ruby
  ref: libreadline
  sha: f834fae1b30726f739dfb3f6a8dc1b4e223d3a71
  specs:
    chef-ruby (1.0.0)
      apt (>= 0.0.0)
      build-essential (>= 0.0.0)

GIT
  remote: https://github.com/lastobelus/python.git
  ref: master
  sha: 44868073eb4eaae9d5e6fd99a47b33c085e038fa
  specs:
    python (1.0.6)
      build-essential (>= 0.0.0)
      yum (>= 0.0.0)

GIT
  remote: https://github.com/mdxp/nodejs-cookbook
  ref: master
  sha: 4c685529e7a8db0222b17407367e8b309afd3137
  specs:
    nodejs (1.3.0)
      apt (>= 0.0.0)
      build-essential (>= 0.0.0)
      yum (>= 0.0.0)

DEPENDENCIES
  ant (>= 0)
  apache2 (>= 0)
  apt (>= 0)
  chef-ruby (>= 0)
  couchdb (>= 0)
  emacs (>= 0)
  git (>= 0)
  imagemagick (>= 0)
  java (>= 0)
  monit (>= 0)
  mysql (>= 0)
  nodejs (>= 0)
  npm (>= 0)
  openssl (>= 0)
  passenger_apache2 (>= 0)
  python (>= 0)
  sudo (>= 0)
  tomcat (>= 0)
  users (>= 0)
  vim (>= 0)
  wise4 (>= 0)

