SITE
  remote: http://community.opscode.com/api/v1
  specs:
    apache2 (1.4.2)
    apt (1.8.0)
    ark (0.0.17)
    build-essential (1.3.2)
    chef_handler (1.1.4)
    couchdb (2.0.0)
      erlang (>= 0.0.0)
      yum (>= 0.0.0)
    cutlery (0.1.0)
    dmg (1.1.0)
    emacs (0.8.2)
    erlang (1.1.2)
      yum (>= 0.5.0)
    git (2.1.2)
      build-essential (>= 0.0.0)
      dmg (>= 0.0.0)
      runit (>= 0.0.0)
      windows (>= 0.0.0)
      yum (>= 0.0.0)
    maven (0.13.0)
      ark (>= 0.0.0)
      java (>= 0.0.0)
    nginx (1.1.4)
      build-essential (>= 0.0.0)
      ohai (>= 1.1.4)
    ohai (1.1.6)
    runit (0.16.2)
    sudo (2.0.4)
    users (1.3.0)
    windows (1.7.0)
      chef_handler (>= 0.0.0)
    yum (2.1.0)

GIT
  remote: git://github.com/balbeko/chef-npm.git
  ref: master
  sha: 6865658b2cb81fdf5e5c6f9f2650833965da8426
  specs:
    npm (0.1.0)
      nodejs (>= 0.0.0)

GIT
  remote: git://github.com/fnichol/chef-rvm.git
  ref: v0.9.0
  sha: 4a408e5d6c5a52c37388a799c516430263339849
  specs:
    rvm (0.9.0)

GIT
  remote: git://github.com/fnichol/chef-rvm_passenger.git
  ref: v0.8.0
  sha: 0ccb3c4313b84889968b4e528ca38babfc03a1e5
  specs:
    rvm_passenger (0.8.0)
      apache2 (>= 0.0.0)
      nginx (>= 0.0.0)
      rvm (>= 0.0.0)

GIT
  remote: git://github.com/mdxp/nodejs-cookbook.git
  ref: master
  sha: 54e0d661f2d18979c915960d294756440e3cdd38
  specs:
    nodejs (1.0.3)
      apt (>= 0.0.0)
      build-essential (>= 0.0.0)

GIT
  remote: git://github.com/opscode-cookbooks/java.git
  ref: master
  sha: 92a12d17413e8635cdc06dc535f59f53e63c18d7
  specs:
    java (1.8.0)
      windows (>= 0.0.0)

GIT
  remote: git://github.com/phlipper/chef-zip.git
  ref: master
  sha: 59f244cfc3f6c5e9d90c86d5d6575e2b9401cc47
  specs:
    zip (1.0.0)

GIT
  remote: git://github.com/realityforge/chef-authbind.git
  ref: master
  sha: 93f26418aea453382e5ca22163ab9125866e59f5
  specs:
    authbind (0.1.5)
      cutlery (>= 0.0.0)

DEPENDENCIES
  apache2 (>= 0)
  apt (>= 0)
  authbind (>= 0)
  couchdb (>= 0)
  emacs (>= 0)
  git (>= 0)
  java (>= 0)
  maven (>= 0)
  nodejs (>= 0)
  npm (>= 0)
  rvm (>= 0)
  rvm_passenger (>= 0)
  sudo (>= 0)
  users (>= 0)
  zip (>= 0)

