SITE
  remote: http://community.opscode.com/api/v1
  specs:
    apache2 (1.6.6)
    apt (2.0.0)
    bluepill (2.2.2)
      rsyslog (>= 0.0.0)
    build-essential (1.4.0)
    chef_handler (1.1.4)
    chocolatey (0.0.5)
      powershell (>= 0.0.0)
    couchdb (2.4.0)
      erlang (>= 0.0.0)
      yum (>= 0.0.0)
    cutlery (0.2.6)
      partial_search (>= 0.0.0)
    dmg (1.1.0)
    emacs (0.9.0)
    erlang (1.3.0)
      apt (>= 1.7.0)
      build-essential (>= 0.0.0)
      yum (>= 0.5.0)
    git (2.5.2)
      build-essential (>= 0.0.0)
      dmg (>= 0.0.0)
      runit (>= 1.0)
      windows (>= 0.0.0)
      yum (>= 0.0.0)
    maven (0.16.2)
      ark (>= 0.0.0)
      java (>= 0.0.0)
    nginx (0.101.6)
      bluepill (>= 0.0.0)
      build-essential (>= 0.0.0)
      ohai (~> 1.0.2)
      runit (>= 0.0.0)
      yum (>= 0.0.0)
    ohai (1.0.2)
    partial_search (1.0.2)
    powershell (1.1.0)
      windows (>= 1.2.8)
    rsyslog (1.6.0)
    runit (1.1.6)
      build-essential (>= 0.0.0)
      yum (>= 0.0.0)
    sudo (2.1.4)
    users (1.5.0)
    windows (1.10.0)
      chef_handler (>= 0.0.0)
    yum (2.3.0)

GIT
  remote: git://github.com/balbeko/chef-npm.git
  ref: master
  sha: b1b48facbfd9e73b991c0b99535e09f41bf0170f
  specs:
    npm (0.1.2)
      nodejs (>= 0.0.0)

GIT
  remote: git://github.com/concord-consortium/chef-rvm_passenger.git
  ref: newer_apache2_cookbook_version
  sha: c5c5f676319e9239999f84c6bcf66846ae99568f
  specs:
    rvm_passenger (0.8.4)
      apache2 (< 1.7.0)
      nginx (~> 0.101.0)
      rvm (>= 0.8.0)

GIT
  remote: git://github.com/customink-webops/phantomjs.git
  ref: master
  sha: f6599db4577674860c3e50095bb452eba1ade0a2
  specs:
    phantomjs (1.0.2)
      build-essential (>= 0.0.0)
      chocolatey (>= 0.0.0)

GIT
  remote: git://github.com/edelight/chef-solo-search
  ref: 0.4.0
  sha: 5ba022d02c51cafc7b5323c1209fbb7936e4f60b
  specs:
    chef-solo-search (0.4.0)

GIT
  remote: git://github.com/fnichol/chef-rvm.git
  ref: v0.9.0
  sha: 4a408e5d6c5a52c37388a799c516430263339849
  specs:
    rvm (0.9.0)

GIT
  remote: git://github.com/mdxp/nodejs-cookbook.git
  ref: master
  sha: 2511ae287152e8b6677e57e044a8314ba6688b36
  specs:
    nodejs (1.1.2)
      apt (>= 0.0.0)
      build-essential (>= 0.0.0)

GIT
  remote: git://github.com/opscode-cookbooks/ark.git
  ref: master
  sha: df3a6f69e23431270395190a21e148593cd93355
  specs:
    ark (0.3.1)

GIT
  remote: git://github.com/opscode-cookbooks/java.git
  ref: master
  sha: dbe84c57390e5ebac11221ef26147fd8e87d09e0
  specs:
    java (1.12.1)
      windows (>= 0.0.0)

GIT
  remote: git://github.com/phlipper/chef-zip.git
  ref: master
  sha: 59f244cfc3f6c5e9d90c86d5d6575e2b9401cc47
  specs:
    zip (1.0.0)

GIT
  remote: git://github.com/realityforge/chef-authbind.git
  ref: master
  sha: ee3039caa7cc9f15821d4c9f61adaeed3de7f00a
  specs:
    authbind (0.1.7)
      cutlery (>= 0.0.0)

DEPENDENCIES
  apache2 (>= 0)
  apt (>= 0)
  ark (>= 0)
  authbind (>= 0)
  chef-solo-search (>= 0)
  couchdb (>= 0)
  emacs (>= 0)
  git (>= 0)
  java (>= 0)
  maven (>= 0)
  nodejs (>= 0)
  npm (>= 0)
  phantomjs (>= 0)
  rvm (>= 0)
  rvm_passenger (>= 0)
  sudo (>= 0)
  users (>= 0)
  zip (>= 0)

